Microsoft Visual Studio Solution File, Format Version 11.00
# Visual Studio 2008

Project("{10AC56EE-67DF-1135-750E-AC190FAD9DD4}") = "iTweenTest", "Assembly-CSharp-firstpass.csproj", "{A2CC8B71-2A61-2854-B106-7B65377F7477}"
EndProject
Global
	GlobalSection(SolutionConfigurationPlatforms) = preSolution
		Debug|Any CPU = Debug|Any CPU
		Release|Any CPU = Release|Any CPU
	EndGlobalSection
	GlobalSection(ProjectConfigurationPlatforms) = postSolution
		{A2CC8B71-2A61-2854-B106-7B65377F7477}.Debug|Any CPU.ActiveCfg = Debug|Any CPU
		{A2CC8B71-2A61-2854-B106-7B65377F7477}.Debug|Any CPU.Build.0 = Debug|Any CPU
		{A2CC8B71-2A61-2854-B106-7B65377F7477}.Release|Any CPU.ActiveCfg = Release|Any CPU
		{A2CC8B71-2A61-2854-B106-7B65377F7477}.Release|Any CPU.Build.0 = Release|Any CPU
	EndGlobalSection
	GlobalSection(SolutionProperties) = preSolution
		HideSolutionNode = FALSE
	EndGlobalSection
	GlobalSection(MonoDevelopProperties) = preSolution
		StartupItem = Assembly-CSharp.csproj
	EndGlobalSection
EndGlobal
